
Microsoft Visual Studio Solution File, Format Version 12.00
# Visual Studio Version 17
VisualStudioVersion = 17.12.35514.174 d17.12
MinimumVisualStudioVersion = 10.0.40219.1
Project("{FAE04EC0-301F-11D3-BF4B-00C04F79EFBC}") = "UthaiThaniTourismApp.Android", "UthaiThaniTourismApp\UthaiThaniTourismApp.Android\UthaiThaniTourismApp.Android.csproj", "{69190E70-36D5-4D10-9E1B-CB1B2AB7D6E9}"
EndProject
Project("{FAE04EC0-301F-11D3-BF4B-00C04F79EFBC}") = "UthaiThaniTourismApp.iOS", "UthaiThaniTourismApp\UthaiThaniTourismApp.iOS\UthaiThaniTourismApp.iOS.csproj", "{5CD4C656-B4B0-4859-B338-C2BA3836F482}"
EndProject
Project("{FAE04EC0-301F-11D3-BF4B-00C04F79EFBC}") = "UthaiThaniTourismApp", "UthaiThaniTourismApp\UthaiThaniTourismApp\UthaiThaniTourismApp.csproj", "{3A47C82D-0949-40E5-ACE3-BAE294C57672}"
EndProject
Global
	GlobalSection(SolutionConfigurationPlatforms) = preSolution
		Debug|Any CPU = Debug|Any CPU
		Release|Any CPU = Release|Any CPU
	EndGlobalSection
	GlobalSection(ProjectConfigurationPlatforms) = postSolution
		{69190E70-36D5-4D10-9E1B-CB1B2AB7D6E9}.Debug|Any CPU.ActiveCfg = Debug|Any CPU
		{69190E70-36D5-4D10-9E1B-CB1B2AB7D6E9}.Debug|Any CPU.Build.0 = Debug|Any CPU
		{69190E70-36D5-4D10-9E1B-CB1B2AB7D6E9}.Debug|Any CPU.Deploy.0 = Debug|Any CPU
		{69190E70-36D5-4D10-9E1B-CB1B2AB7D6E9}.Release|Any CPU.ActiveCfg = Release|Any CPU
		{69190E70-36D5-4D10-9E1B-CB1B2AB7D6E9}.Release|Any CPU.Build.0 = Release|Any CPU
		{69190E70-36D5-4D10-9E1B-CB1B2AB7D6E9}.Release|Any CPU.Deploy.0 = Release|Any CPU
		{5CD4C656-B4B0-4859-B338-C2BA3836F482}.Debug|Any CPU.ActiveCfg = Debug|iPhone
		{5CD4C656-B4B0-4859-B338-C2BA3836F482}.Debug|Any CPU.Build.0 = Debug|iPhone
		{5CD4C656-B4B0-4859-B338-C2BA3836F482}.Debug|Any CPU.Deploy.0 = Debug|iPhone
		{5CD4C656-B4B0-4859-B338-C2BA3836F482}.Release|Any CPU.ActiveCfg = Release|iPhoneSimulator
		{5CD4C656-B4B0-4859-B338-C2BA3836F482}.Release|Any CPU.Build.0 = Release|iPhoneSimulator
		{5CD4C656-B4B0-4859-B338-C2BA3836F482}.Release|Any CPU.Deploy.0 = Release|iPhoneSimulator
		{3A47C82D-0949-40E5-ACE3-BAE294C57672}.Debug|Any CPU.ActiveCfg = Debug|Any CPU
		{3A47C82D-0949-40E5-ACE3-BAE294C57672}.Debug|Any CPU.Build.0 = Debug|Any CPU
		{3A47C82D-0949-40E5-ACE3-BAE294C57672}.Debug|Any CPU.Deploy.0 = Debug|Any CPU
		{3A47C82D-0949-40E5-ACE3-BAE294C57672}.Release|Any CPU.ActiveCfg = Release|Any CPU
		{3A47C82D-0949-40E5-ACE3-BAE294C57672}.Release|Any CPU.Build.0 = Release|Any CPU
		{3A47C82D-0949-40E5-ACE3-BAE294C57672}.Release|Any CPU.Deploy.0 = Release|Any CPU
	EndGlobalSection
	GlobalSection(SolutionProperties) = preSolution
		HideSolutionNode = FALSE
	EndGlobalSection
EndGlobal
